
Microsoft Visual Studio Solution File, Format Version 12.00
# Visual Studio Version 16
VisualStudioVersion = 16.0.30709.64
MinimumVisualStudioVersion = 10.0.40219.1
Project("{FAE04EC0-301F-11D3-BF4B-00C04F79EFBC}") = "ConsoleApp16", "ConsoleApp16\ConsoleApp16.csproj", "{48A8B17D-351E-406A-BFB2-7671751FAFC6}"
EndProject
Global
	GlobalSection(SolutionConfigurationPlatforms) = preSolution
		Debug|Any CPU = Debug|Any CPU
		Release|Any CPU = Release|Any CPU
	EndGlobalSection
	GlobalSection(ProjectConfigurationPlatforms) = postSolution
		{48A8B17D-351E-406A-BFB2-7671751FAFC6}.Debug|Any CPU.ActiveCfg = Debug|Any CPU
		{48A8B17D-351E-406A-BFB2-7671751FAFC6}.Debug|Any CPU.Build.0 = Debug|Any CPU
		{48A8B17D-351E-406A-BFB2-7671751FAFC6}.Release|Any CPU.ActiveCfg = Release|Any CPU
		{48A8B17D-351E-406A-BFB2-7671751FAFC6}.Release|Any CPU.Build.0 = Release|Any CPU
	EndGlobalSection
	GlobalSection(SolutionProperties) = preSolution
		HideSolutionNode = FALSE
	EndGlobalSection
	GlobalSection(ExtensibilityGlobals) = postSolution
		SolutionGuid = {D70C5A06-D686-44E3-BD0F-B68970A92C6A}
	EndGlobalSection
EndGlobal
